
Microsoft Visual Studio Solution File, Format Version 12.00
# Visual Studio Version 17
VisualStudioVersion = 17.5.002.0
MinimumVisualStudioVersion = 10.0.40219.1
Project("{9A19103F-16F7-4668-BE54-9A1E7A4F7556}") = "OrdersAPI", "OrdersAPI.csproj", "{AD870068-C1C6-46BA-ADFE-2C251A869EDE}"
EndProject
Global
	GlobalSection(SolutionConfigurationPlatforms) = preSolution
		Debug|Any CPU = Debug|Any CPU
		Release|Any CPU = Release|Any CPU
	EndGlobalSection
	GlobalSection(ProjectConfigurationPlatforms) = postSolution
		{AD870068-C1C6-46BA-ADFE-2C251A869EDE}.Debug|Any CPU.ActiveCfg = Debug|Any CPU
		{AD870068-C1C6-46BA-ADFE-2C251A869EDE}.Debug|Any CPU.Build.0 = Debug|Any CPU
		{AD870068-C1C6-46BA-ADFE-2C251A869EDE}.Release|Any CPU.ActiveCfg = Release|Any CPU
		{AD870068-C1C6-46BA-ADFE-2C251A869EDE}.Release|Any CPU.Build.0 = Release|Any CPU
	EndGlobalSection
	GlobalSection(SolutionProperties) = preSolution
		HideSolutionNode = FALSE
	EndGlobalSection
	GlobalSection(ExtensibilityGlobals) = postSolution
		SolutionGuid = {A1CB98A4-AB34-4BD4-87AA-D68CA61FC71A}
	EndGlobalSection
EndGlobal
